
Microsoft Visual Studio Solution File, Format Version 12.00
# Visual Studio Version 17
VisualStudioVersion = 17.9.34607.119
MinimumVisualStudioVersion = 10.0.40219.1
Project("{9A19103F-16F7-4668-BE54-9A1E7A4F7556}") = "WebApp", "WebApp\WebApp.csproj", "{692B19AB-C3A5-48C7-8EA5-799B4A6508C6}"
EndProject
Project("{9A19103F-16F7-4668-BE54-9A1E7A4F7556}") = "WebApp.Core", "WebApp.Core\WebApp.Core.csproj", "{C48BB688-F5B6-426E-99E5-4AD832E08A47}"
EndProject
Project("{FAE04EC0-301F-11D3-BF4B-00C04F79EFBC}") = "WebApp.Api", "WebApp.Api\WebApp.Api.csproj", "{2CE9C28A-1D9F-45B8-8DE6-D632FE4AC750}"
EndProject
Global
	GlobalSection(SolutionConfigurationPlatforms) = preSolution
		Debug|Any CPU = Debug|Any CPU
		Release|Any CPU = Release|Any CPU
	EndGlobalSection
	GlobalSection(ProjectConfigurationPlatforms) = postSolution
		{692B19AB-C3A5-48C7-8EA5-799B4A6508C6}.Debug|Any CPU.ActiveCfg = Debug|Any CPU
		{692B19AB-C3A5-48C7-8EA5-799B4A6508C6}.Debug|Any CPU.Build.0 = Debug|Any CPU
		{692B19AB-C3A5-48C7-8EA5-799B4A6508C6}.Release|Any CPU.ActiveCfg = Release|Any CPU
		{692B19AB-C3A5-48C7-8EA5-799B4A6508C6}.Release|Any CPU.Build.0 = Release|Any CPU
		{C48BB688-F5B6-426E-99E5-4AD832E08A47}.Debug|Any CPU.ActiveCfg = Debug|Any CPU
		{C48BB688-F5B6-426E-99E5-4AD832E08A47}.Debug|Any CPU.Build.0 = Debug|Any CPU
		{C48BB688-F5B6-426E-99E5-4AD832E08A47}.Release|Any CPU.ActiveCfg = Release|Any CPU
		{C48BB688-F5B6-426E-99E5-4AD832E08A47}.Release|Any CPU.Build.0 = Release|Any CPU
		{2CE9C28A-1D9F-45B8-8DE6-D632FE4AC750}.Debug|Any CPU.ActiveCfg = Debug|Any CPU
		{2CE9C28A-1D9F-45B8-8DE6-D632FE4AC750}.Debug|Any CPU.Build.0 = Debug|Any CPU
		{2CE9C28A-1D9F-45B8-8DE6-D632FE4AC750}.Release|Any CPU.ActiveCfg = Release|Any CPU
		{2CE9C28A-1D9F-45B8-8DE6-D632FE4AC750}.Release|Any CPU.Build.0 = Release|Any CPU
	EndGlobalSection
	GlobalSection(SolutionProperties) = preSolution
		HideSolutionNode = FALSE
	EndGlobalSection
	GlobalSection(ExtensibilityGlobals) = postSolution
		SolutionGuid = {5578C866-19D4-40E9-87B9-A522E3BBD272}
	EndGlobalSection
EndGlobal
